
Microsoft Visual Studio Solution File, Format Version 12.00
# Visual Studio Version 16
VisualStudioVersion = 16.0.30717.126
MinimumVisualStudioVersion = 10.0.40219.1
Project("{FAE04EC0-301F-11D3-BF4B-00C04F79EFBC}") = "PeBank.API", "PeBank.API\PeBank.API.csproj", "{23104048-BDCC-49C4-A23A-E0E262188F27}"
EndProject
Project("{FAE04EC0-301F-11D3-BF4B-00C04F79EFBC}") = "PeBank.API.Contracts", "PeBank.API.Contracts\PeBank.API.Contracts.csproj", "{AD4A6E3E-5194-45C5-AFF0-DA8EE5CE0270}"
EndProject
Project("{FAE04EC0-301F-11D3-BF4B-00C04F79EFBC}") = "PeBank.API.Repositories", "PeBank.API.Repositories\PeBank.API.Repositories.csproj", "{BBE08A65-0938-44DC-AF9D-56E75E62CD70}"
EndProject
Project("{FAE04EC0-301F-11D3-BF4B-00C04F79EFBC}") = "PeBank.API.Features", "PeBank.API.Features\PeBank.API.Features.csproj", "{2606D8F6-041E-43E6-9E15-D46F2AC7ECD6}"
EndProject
Project("{FAE04EC0-301F-11D3-BF4B-00C04F79EFBC}") = "PeBank.API.Entities", "PeBank.API.Entities\PeBank.API.Entities.csproj", "{ABEDB64E-B600-4BAD-9C94-1F16FB09B1B0}"
EndProject
Global
	GlobalSection(SolutionConfigurationPlatforms) = preSolution
		Debug|Any CPU = Debug|Any CPU
		Release|Any CPU = Release|Any CPU
	EndGlobalSection
	GlobalSection(ProjectConfigurationPlatforms) = postSolution
		{23104048-BDCC-49C4-A23A-E0E262188F27}.Debug|Any CPU.ActiveCfg = Debug|Any CPU
		{23104048-BDCC-49C4-A23A-E0E262188F27}.Debug|Any CPU.Build.0 = Debug|Any CPU
		{23104048-BDCC-49C4-A23A-E0E262188F27}.Release|Any CPU.ActiveCfg = Release|Any CPU
		{23104048-BDCC-49C4-A23A-E0E262188F27}.Release|Any CPU.Build.0 = Release|Any CPU
		{AD4A6E3E-5194-45C5-AFF0-DA8EE5CE0270}.Debug|Any CPU.ActiveCfg = Debug|Any CPU
		{AD4A6E3E-5194-45C5-AFF0-DA8EE5CE0270}.Debug|Any CPU.Build.0 = Debug|Any CPU
		{AD4A6E3E-5194-45C5-AFF0-DA8EE5CE0270}.Release|Any CPU.ActiveCfg = Release|Any CPU
		{AD4A6E3E-5194-45C5-AFF0-DA8EE5CE0270}.Release|Any CPU.Build.0 = Release|Any CPU
		{BBE08A65-0938-44DC-AF9D-56E75E62CD70}.Debug|Any CPU.ActiveCfg = Debug|Any CPU
		{BBE08A65-0938-44DC-AF9D-56E75E62CD70}.Debug|Any CPU.Build.0 = Debug|Any CPU
		{BBE08A65-0938-44DC-AF9D-56E75E62CD70}.Release|Any CPU.ActiveCfg = Release|Any CPU
		{BBE08A65-0938-44DC-AF9D-56E75E62CD70}.Release|Any CPU.Build.0 = Release|Any CPU
		{2606D8F6-041E-43E6-9E15-D46F2AC7ECD6}.Debug|Any CPU.ActiveCfg = Debug|Any CPU
		{2606D8F6-041E-43E6-9E15-D46F2AC7ECD6}.Debug|Any CPU.Build.0 = Debug|Any CPU
		{2606D8F6-041E-43E6-9E15-D46F2AC7ECD6}.Release|Any CPU.ActiveCfg = Release|Any CPU
		{2606D8F6-041E-43E6-9E15-D46F2AC7ECD6}.Release|Any CPU.Build.0 = Release|Any CPU
		{ABEDB64E-B600-4BAD-9C94-1F16FB09B1B0}.Debug|Any CPU.ActiveCfg = Debug|Any CPU
		{ABEDB64E-B600-4BAD-9C94-1F16FB09B1B0}.Debug|Any CPU.Build.0 = Debug|Any CPU
		{ABEDB64E-B600-4BAD-9C94-1F16FB09B1B0}.Release|Any CPU.ActiveCfg = Release|Any CPU
		{ABEDB64E-B600-4BAD-9C94-1F16FB09B1B0}.Release|Any CPU.Build.0 = Release|Any CPU
	EndGlobalSection
	GlobalSection(SolutionProperties) = preSolution
		HideSolutionNode = FALSE
	EndGlobalSection
	GlobalSection(ExtensibilityGlobals) = postSolution
		SolutionGuid = {5052753A-AE1E-47DE-AD0D-1F21C17DABB5}
	EndGlobalSection
EndGlobal
